<?xml version="1.0" encoding="utf-8"?>
<Project ToolsVersion="4.0" xmlns="http://schemas.microsoft.com/developer/msbuild/2003">
  <ItemGroup>
    <Filter Include="Source Files">
      <UniqueIdentifier>{4FC737F1-C7A5-4376-A066-2A32D752A2FF}</UniqueIdentifier>
      <Extensions>cpp;c;cc;cxx;def;odl;idl;hpj;bat;asm;asmx</Extensions>
    </Filter>
    <Filter Include="Source Files\Core">
      <UniqueIdentifier>{fcc840b4-6906-4138-a593-0fec2fd2e6b8}</UniqueIdentifier>
    </Filter>
    <Filter Include="Source Files\Data">
      <UniqueIdentifier>{16e03a44-94ce-46f3-b1dc-898d14159687}</UniqueIdentifier>
    </Filter>
    <Filter Include="Source Files\Utils">
      <UniqueIdentifier>{d1c216a1-a09d-476b-9812-f5678e96ea65}</UniqueIdentifier>
    </Filter>
    <Filter Include="Source Files\Rendering">
      <UniqueIdentifier>{3826ebd4-8c9b-46b1-af0b-96589a83731e}</UniqueIdentifier>
    </Filter>
    <Filter Include="Source Files\Input">
      <UniqueIdentifier>{1bbc67f3-ae4d-4fbf-b1b6-388accba2877}</UniqueIdentifier>
    </Filter>
    <Filter Include="Source Files\Rendering\DX12">
      <UniqueIdentifier>{c03b7243-5c07-4de6-b6a5-e11cdb759d40}</UniqueIdentifier>
    </Filter>
    <Filter Include="Source Files\Utils\CPU">
      <UniqueIdentifier>{de455a36-3d46-4c8b-af0e-e2c87c1690e9}</UniqueIdentifier>
    </Filter>
    <Filter Include="Shaders">
      <UniqueIdentifier>{25957cd9-8d31-4800-9b64-757cdc97bcdb}</UniqueIdentifier>
    </Filter>
    <Filter Include="Source Files\Factory">
      <UniqueIdentifier>{73530c43-1115-4115-b8e8-e79960bc0152}</UniqueIdentifier>
    </Filter>
    <Filter Include="External">
      <UniqueIdentifier>{4f6fb900-cfca-4a4c-a946-ead4729b3afb}</UniqueIdentifier>
    </Filter>
    <Filter Include="External\CPPFormat">
      <UniqueIdentifier>{9c1705c1-a340-4fe4-bd07-32bc4dd4457a}</UniqueIdentifier>
    </Filter>
    <Filter Include="External\FreeImage">
      <UniqueIdentifier>{73f8f668-7d9d-41a0-a9c0-7b3ede4454e0}</UniqueIdentifier>
    </Filter>
    <Filter Include="Header Files">
      <UniqueIdentifier>{3b9c69e1-dc05-4650-83bd-1d4e6e69ca69}</UniqueIdentifier>
    </Filter>
    <Filter Include="Header Files\Core">
      <UniqueIdentifier>{f78a93cc-9a1d-4c0a-9522-f93eda00f2fb}</UniqueIdentifier>
    </Filter>
    <Filter Include="Header Files\Data">
      <UniqueIdentifier>{af275900-f70b-431d-81c9-b73ead91e087}</UniqueIdentifier>
    </Filter>
    <Filter Include="Header Files\Input">
      <UniqueIdentifier>{97e93a9e-5bb0-49f1-8f03-756c07ca956b}</UniqueIdentifier>
    </Filter>
    <Filter Include="Header Files\Rendering">
      <UniqueIdentifier>{62850a45-f8b0-4f82-8096-3d87091a52e5}</UniqueIdentifier>
    </Filter>
    <Filter Include="Header Files\Rendering\DX12">
      <UniqueIdentifier>{bb1748d1-f421-4c5d-9349-c04331eea75a}</UniqueIdentifier>
    </Filter>
    <Filter Include="Header Files\Utils">
      <UniqueIdentifier>{33684bae-9596-44db-8bcd-bee7f5d29e05}</UniqueIdentifier>
    </Filter>
    <Filter Include="Header Files\Factory">
      <UniqueIdentifier>{81b68319-2866-42c5-9b71-905a2f6cd3c0}</UniqueIdentifier>
    </Filter>
    <Filter Include="Header Files\Utils\CPU">
      <UniqueIdentifier>{1008a912-2932-42e3-b93c-3aca8c5afb4c}</UniqueIdentifier>
    </Filter>
    <Filter Include="Source Files\Rendering\DX12\Buffers">
      <UniqueIdentifier>{e430f40a-8749-4949-8150-73636720443e}</UniqueIdentifier>
    </Filter>
    <Filter Include="Header Files\Rendering\DX12\Buffers">
      <UniqueIdentifier>{c2dbd443-d3c6-47f6-903d-a485999e6052}</UniqueIdentifier>
    </Filter>
  </ItemGroup>
  <ItemGroup>
    <ClCompile Include="Core\Core.cpp">
      <Filter>Source Files\Core</Filter>
    </ClCompile>
    <ClCompile Include="Core\Time.cpp">
      <Filter>Source Files\Core</Filter>
    </ClCompile>
    <ClCompile Include="Data\Colour.cpp">
      <Filter>Source Files\Data</Filter>
    </ClCompile>
    <ClCompile Include="Data\Quaternion.cpp">
      <Filter>Source Files\Data</Filter>
    </ClCompile>
    <ClCompile Include="Data\Vector2.cpp">
      <Filter>Source Files\Data</Filter>
    </ClCompile>
    <ClCompile Include="Data\Vector3.cpp">
      <Filter>Source Files\Data</Filter>
    </ClCompile>
    <ClCompile Include="Input\Input.cpp">
      <Filter>Source Files\Input</Filter>
    </ClCompile>
    <ClCompile Include="Utils\Logging.cpp">
      <Filter>Source Files\Utils</Filter>
    </ClCompile>
    <ClCompile Include="Utils\SystemInfo.cpp">
      <Filter>Source Files\Utils</Filter>
    </ClCompile>
    <ClCompile Include="Rendering\IRenderer.cpp">
      <Filter>Source Files\Rendering</Filter>
    </ClCompile>
    <ClCompile Include="Rendering\Renderer.cpp">
      <Filter>Source Files\Rendering</Filter>
    </ClCompile>
    <ClCompile Include="Utils\Console.cpp">
      <Filter>Source Files\Utils</Filter>
    </ClCompile>
    <ClCompile Include="Utils\CPU\Processor.cpp">
      <Filter>Source Files\Utils\CPU</Filter>
    </ClCompile>
    <ClCompile Include="Utils\Win32Utils.cpp">
      <Filter>Source Files\Utils</Filter>
    </ClCompile>
    <ClCompile Include="Rendering\DX12\Camera.cpp">
      <Filter>Source Files\Rendering\DX12</Filter>
    </ClCompile>
    <ClCompile Include="Rendering\DX12\FeatureSupport.cpp">
      <Filter>Source Files\Rendering\DX12</Filter>
    </ClCompile>
    <ClCompile Include="Rendering\DX12\DX12Renderer.cpp">
      <Filter>Source Files\Rendering\DX12</Filter>
    </ClCompile>
    <ClCompile Include="Input\Event.cpp">
      <Filter>Source Files\Input</Filter>
    </ClCompile>
    <ClCompile Include="Rendering\DX12\CommandQueue.cpp">
      <Filter>Source Files\Rendering\DX12</Filter>
    </ClCompile>
    <ClCompile Include="Rendering\DX12\RenderObject.cpp">
      <Filter>Source Files\Rendering\DX12</Filter>
    </ClCompile>
    <ClCompile Include="Rendering\DX12\Font.cpp">
      <Filter>Source Files\Rendering\DX12</Filter>
    </ClCompile>
    <ClCompile Include="Rendering\DX12\Texture.cpp">
      <Filter>Source Files\Rendering\DX12</Filter>
    </ClCompile>
    <ClCompile Include="Rendering\DX12\Material.cpp">
      <Filter>Source Files\Rendering\DX12</Filter>
    </ClCompile>
    <ClCompile Include="Rendering\DX12\HeapManager.cpp">
      <Filter>Source Files\Rendering\DX12</Filter>
    </ClCompile>
    <ClCompile Include="Rendering\DX12\HeapResource.cpp">
      <Filter>Source Files\Rendering\DX12</Filter>
    </ClCompile>
    <ClCompile Include="Rendering\DX12\Text.cpp">
      <Filter>Source Files\Rendering\DX12</Filter>
    </ClCompile>
    <ClCompile Include="Data\String.cpp">
      <Filter>Source Files\Data</Filter>
    </ClCompile>
    <ClCompile Include="External\src\CPPFormat\format.cc">
      <Filter>External\CPPFormat</Filter>
    </ClCompile>
    <ClCompile Include="Data\Transform.cpp">
      <Filter>Source Files\Data</Filter>
    </ClCompile>
    <ClCompile Include="Rendering\DX12\FontManager.cpp">
      <Filter>Source Files\Rendering\DX12</Filter>
    </ClCompile>
    <ClCompile Include="Factory\ResourceFactory.cpp">
      <Filter>Source Files\Factory</Filter>
    </ClCompile>
    <ClCompile Include="Rendering\DX12\BufferInstance.cpp">
      <Filter>Source Files\Rendering\DX12\Buffers</Filter>
    </ClCompile>
    <ClCompile Include="Rendering\DX12\BufferBucket.cpp">
      <Filter>Source Files\Rendering\DX12\Buffers</Filter>
    </ClCompile>
    <ClCompile Include="Rendering\DX12\ConstantBuffer.cpp">
      <Filter>Source Files\Rendering\DX12\Buffers</Filter>
    </ClCompile>
    <ClCompile Include="Rendering\DX12\IndexBuffer.cpp">
      <Filter>Source Files\Rendering\DX12\Buffers</Filter>
    </ClCompile>
    <ClCompile Include="Rendering\DX12\VertexBuffer.cpp">
      <Filter>Source Files\Rendering\DX12\Buffers</Filter>
    </ClCompile>
    <ClCompile Include="stdafx.cpp">
      <Filter>Source Files</Filter>
    </ClCompile>
    <ClCompile Include="Data\Vector4.cpp">
      <Filter>Source Files\Data</Filter>
    </ClCompile>
    <ClCompile Include="Rendering\DX12\IndexBufferInstance.cpp">
      <Filter>Source Files\Rendering\DX12\Buffers</Filter>
    </ClCompile>
    <ClCompile Include="Rendering\DX12\VertexBufferInstance.cpp">
      <Filter>Source Files\Rendering\DX12\Buffers</Filter>
    </ClCompile>
  </ItemGroup>
  <ItemGroup>
    <ClInclude Include="External\src\CPPFormat\format.h">
      <Filter>External\CPPFormat</Filter>
    </ClInclude>
    <ClInclude Include="External\src\FreeImage\FreeImage.h">
      <Filter>External\FreeImage</Filter>
    </ClInclude>
    <ClInclude Include="Core\Core.h">
      <Filter>Header Files\Core</Filter>
    </ClInclude>
    <ClInclude Include="Core\Time.h">
      <Filter>Header Files\Core</Filter>
    </ClInclude>
    <ClInclude Include="Data\Colour.h">
      <Filter>Header Files\Data</Filter>
    </ClInclude>
    <ClInclude Include="Data\Quaternion.h">
      <Filter>Header Files\Data</Filter>
    </ClInclude>
    <ClInclude Include="Data\String.h">
      <Filter>Header Files\Data</Filter>
    </ClInclude>
    <ClInclude Include="Data\Transform.h">
      <Filter>Header Files\Data</Filter>
    </ClInclude>
    <ClInclude Include="Data\Vector2.h">
      <Filter>Header Files\Data</Filter>
    </ClInclude>
    <ClInclude Include="Data\Vector3.h">
      <Filter>Header Files\Data</Filter>
    </ClInclude>
    <ClInclude Include="Input\Event.h">
      <Filter>Header Files\Input</Filter>
    </ClInclude>
    <ClInclude Include="Input\Input.h">
      <Filter>Header Files\Input</Filter>
    </ClInclude>
    <ClInclude Include="Rendering\DX12\Camera.h">
      <Filter>Header Files\Rendering\DX12</Filter>
    </ClInclude>
    <ClInclude Include="Rendering\DX12\CommandQueue.h">
      <Filter>Header Files\Rendering\DX12</Filter>
    </ClInclude>
    <ClInclude Include="Rendering\DX12\DX12Renderer.h">
      <Filter>Header Files\Rendering\DX12</Filter>
    </ClInclude>
    <ClInclude Include="Rendering\DX12\FeatureSupport.h">
      <Filter>Header Files\Rendering\DX12</Filter>
    </ClInclude>
    <ClInclude Include="Rendering\DX12\Font.h">
      <Filter>Header Files\Rendering\DX12</Filter>
    </ClInclude>
    <ClInclude Include="Rendering\DX12\HeapManager.h">
      <Filter>Header Files\Rendering\DX12</Filter>
    </ClInclude>
    <ClInclude Include="Rendering\DX12\HeapResource.h">
      <Filter>Header Files\Rendering\DX12</Filter>
    </ClInclude>
    <ClInclude Include="Rendering\DX12\Material.h">
      <Filter>Header Files\Rendering\DX12</Filter>
    </ClInclude>
    <ClInclude Include="Rendering\DX12\RenderObject.h">
      <Filter>Header Files\Rendering\DX12</Filter>
    </ClInclude>
    <ClInclude Include="Rendering\DX12\Text.h">
      <Filter>Header Files\Rendering\DX12</Filter>
    </ClInclude>
    <ClInclude Include="Rendering\DX12\Texture.h">
      <Filter>Header Files\Rendering\DX12</Filter>
    </ClInclude>
    <ClInclude Include="Rendering\Renderer.h">
      <Filter>Header Files\Rendering</Filter>
    </ClInclude>
    <ClInclude Include="Rendering\IRenderer.h">
      <Filter>Header Files\Rendering</Filter>
    </ClInclude>
    <ClInclude Include="Utils\CPU\Processor.h">
      <Filter>Header Files\Utils\CPU</Filter>
    </ClInclude>
    <ClInclude Include="Utils\Win32Utils.h">
      <Filter>Header Files\Utils</Filter>
    </ClInclude>
    <ClInclude Include="Utils\SystemInfo.h">
      <Filter>Header Files\Utils</Filter>
    </ClInclude>
    <ClInclude Include="Utils\Math.h">
      <Filter>Header Files\Utils</Filter>
    </ClInclude>
    <ClInclude Include="Utils\Logging.h">
      <Filter>Header Files\Utils</Filter>
    </ClInclude>
    <ClInclude Include="Utils\Helpers.h">
      <Filter>Header Files\Utils</Filter>
    </ClInclude>
    <ClInclude Include="Rendering\DX12\FontManager.h">
      <Filter>Header Files\Rendering\DX12</Filter>
    </ClInclude>
    <ClInclude Include="Factory\ResourceFactory.h">
      <Filter>Header Files\Factory</Filter>
    </ClInclude>
    <ClInclude Include="Rendering\DX12\BufferBucket.h">
      <Filter>Header Files\Rendering\DX12\Buffers</Filter>
    </ClInclude>
    <ClInclude Include="Rendering\DX12\BufferInstance.h">
      <Filter>Header Files\Rendering\DX12\Buffers</Filter>
    </ClInclude>
    <ClInclude Include="Rendering\DX12\ConstantBuffer.h">
      <Filter>Header Files\Rendering\DX12\Buffers</Filter>
    </ClInclude>
    <ClInclude Include="Rendering\DX12\IndexBuffer.h">
      <Filter>Header Files\Rendering\DX12\Buffers</Filter>
    </ClInclude>
    <ClInclude Include="Rendering\DX12\VertexBuffer.h">
      <Filter>Header Files\Rendering\DX12\Buffers</Filter>
    </ClInclude>
    <ClInclude Include="stdafx.h">
      <Filter>Header Files</Filter>
    </ClInclude>
    <ClInclude Include="Utils\Console.h">
      <Filter>Header Files\Utils</Filter>
    </ClInclude>
    <ClInclude Include="Data\Vector4.h">
      <Filter>Header Files\Data</Filter>
    </ClInclude>
    <ClInclude Include="Rendering\DX12\IndexBufferInstance.h">
      <Filter>Header Files\Rendering\DX12\Buffers</Filter>
    </ClInclude>
    <ClInclude Include="Rendering\DX12\VertexBufferInstance.h">
      <Filter>Header Files\Rendering\DX12\Buffers</Filter>
    </ClInclude>
    <ClInclude Include="Rendering\DX12\Geometry.h">
      <Filter>Header Files\Rendering\DX12</Filter>
    </ClInclude>
  </ItemGroup>
  <ItemGroup>
    <FxCompile Include="..\Build\Shaders\Diffuse.hlsl">
      <Filter>Shaders</Filter>
    </FxCompile>
    <FxCompile Include="..\Build\Shaders\Font.hlsl">
      <Filter>Shaders</Filter>
    </FxCompile>
    <FxCompile Include="..\Build\Shaders\DiffuseTexture.hlsl">
      <Filter>Shaders</Filter>
    </FxCompile>
  </ItemGroup>
</Project>