<?xml version="1.0" encoding="utf-8"?>
<Project ToolsVersion="4.0" xmlns="http://schemas.microsoft.com/developer/msbuild/2003">
  <ItemGroup>
    <Filter Include="Source Files">
      <UniqueIdentifier>{4FC737F1-C7A5-4376-A066-2A32D752A2FF}</UniqueIdentifier>
      <Extensions>cpp;c;cc;cxx;def;odl;idl;hpj;bat;asm;asmx</Extensions>
    </Filter>
    <Filter Include="Source Files\Core">
      <UniqueIdentifier>{fcc840b4-6906-4138-a593-0fec2fd2e6b8}</UniqueIdentifier>
    </Filter>
    <Filter Include="Source Files\Data">
      <UniqueIdentifier>{16e03a44-94ce-46f3-b1dc-898d14159687}</UniqueIdentifier>
    </Filter>
    <Filter Include="Source Files\Utils">
      <UniqueIdentifier>{d1c216a1-a09d-476b-9812-f5678e96ea65}</UniqueIdentifier>
    </Filter>
    <Filter Include="Source Files\Rendering">
      <UniqueIdentifier>{3826ebd4-8c9b-46b1-af0b-96589a83731e}</UniqueIdentifier>
    </Filter>
    <Filter Include="Source Files\Input">
      <UniqueIdentifier>{1bbc67f3-ae4d-4fbf-b1b6-388accba2877}</UniqueIdentifier>
    </Filter>
    <Filter Include="Source Files\Rendering\DX12">
      <UniqueIdentifier>{c03b7243-5c07-4de6-b6a5-e11cdb759d40}</UniqueIdentifier>
    </Filter>
    <Filter Include="Source Files\Utils\CPU">
      <UniqueIdentifier>{de455a36-3d46-4c8b-af0e-e2c87c1690e9}</UniqueIdentifier>
    </Filter>
    <Filter Include="Shaders">
      <UniqueIdentifier>{25957cd9-8d31-4800-9b64-757cdc97bcdb}</UniqueIdentifier>
    </Filter>
  </ItemGroup>
  <ItemGroup>
    <ClCompile Include="Core\Core.cpp">
      <Filter>Source Files\Core</Filter>
    </ClCompile>
    <ClCompile Include="Core\Time.cpp">
      <Filter>Source Files\Core</Filter>
    </ClCompile>
    <ClCompile Include="Data\Colour.cpp">
      <Filter>Source Files\Data</Filter>
    </ClCompile>
    <ClCompile Include="Data\Quaternion.cpp">
      <Filter>Source Files\Data</Filter>
    </ClCompile>
    <ClCompile Include="Data\Vector2.cpp">
      <Filter>Source Files\Data</Filter>
    </ClCompile>
    <ClCompile Include="Data\Vector3.cpp">
      <Filter>Source Files\Data</Filter>
    </ClCompile>
    <ClCompile Include="Input\Input.cpp">
      <Filter>Source Files\Input</Filter>
    </ClCompile>
    <ClCompile Include="Utils\Logging.cpp">
      <Filter>Source Files\Utils</Filter>
    </ClCompile>
    <ClCompile Include="Utils\SystemInfo.cpp">
      <Filter>Source Files\Utils</Filter>
    </ClCompile>
    <ClCompile Include="Rendering\IRenderer.cpp">
      <Filter>Source Files\Rendering</Filter>
    </ClCompile>
    <ClCompile Include="Rendering\Renderer.cpp">
      <Filter>Source Files\Rendering</Filter>
    </ClCompile>
    <ClCompile Include="main.cpp">
      <Filter>Source Files</Filter>
    </ClCompile>
    <ClCompile Include="Utils\Console.cpp">
      <Filter>Source Files\Utils</Filter>
    </ClCompile>
    <ClCompile Include="Utils\CPU\Processor.cpp">
      <Filter>Source Files\Utils\CPU</Filter>
    </ClCompile>
    <ClCompile Include="Utils\Win32Utils.cpp">
      <Filter>Source Files\Utils</Filter>
    </ClCompile>
    <ClCompile Include="Rendering\DX12\Camera.cpp">
      <Filter>Source Files\Rendering\DX12</Filter>
    </ClCompile>
    <ClCompile Include="Rendering\DX12\FeatureSupport.cpp">
      <Filter>Source Files\Rendering\DX12</Filter>
    </ClCompile>
    <ClCompile Include="Rendering\DX12\DX12Renderer.cpp">
      <Filter>Source Files\Rendering\DX12</Filter>
    </ClCompile>
    <ClCompile Include="Input\Event.cpp">
      <Filter>Source Files\Input</Filter>
    </ClCompile>
    <ClCompile Include="Rendering\DX12\CommandQueue.cpp">
      <Filter>Source Files\Rendering\DX12</Filter>
    </ClCompile>
    <ClCompile Include="Rendering\DX12\RenderObject.cpp">
      <Filter>Source Files\Rendering\DX12</Filter>
    </ClCompile>
  </ItemGroup>
  <ItemGroup>
    <ClInclude Include="Core\Core.h">
      <Filter>Source Files\Core</Filter>
    </ClInclude>
    <ClInclude Include="Core\Time.h">
      <Filter>Source Files\Core</Filter>
    </ClInclude>
    <ClInclude Include="Data\Colour.h">
      <Filter>Source Files\Data</Filter>
    </ClInclude>
    <ClInclude Include="Data\Quaternion.h">
      <Filter>Source Files\Data</Filter>
    </ClInclude>
    <ClInclude Include="Data\Vector2.h">
      <Filter>Source Files\Data</Filter>
    </ClInclude>
    <ClInclude Include="Data\Vector3.h">
      <Filter>Source Files\Data</Filter>
    </ClInclude>
    <ClInclude Include="Input\Input.h">
      <Filter>Source Files\Input</Filter>
    </ClInclude>
    <ClInclude Include="Utils\Logging.h">
      <Filter>Source Files\Utils</Filter>
    </ClInclude>
    <ClInclude Include="Utils\SystemInfo.h">
      <Filter>Source Files\Utils</Filter>
    </ClInclude>
    <ClInclude Include="Rendering\IRenderer.h">
      <Filter>Source Files\Rendering</Filter>
    </ClInclude>
    <ClInclude Include="Rendering\Renderer.h">
      <Filter>Source Files\Rendering</Filter>
    </ClInclude>
    <ClInclude Include="Utils\Helpers.h">
      <Filter>Source Files\Utils</Filter>
    </ClInclude>
    <ClInclude Include="Utils\Console.h">
      <Filter>Source Files\Utils</Filter>
    </ClInclude>
    <ClInclude Include="Utils\CPU\Processor.h">
      <Filter>Source Files\Utils\CPU</Filter>
    </ClInclude>
    <ClInclude Include="Utils\StringUtils.h">
      <Filter>Source Files\Utils</Filter>
    </ClInclude>
    <ClInclude Include="Utils\Win32Utils.h">
      <Filter>Source Files\Utils</Filter>
    </ClInclude>
    <ClInclude Include="Rendering\DX12\Camera.h">
      <Filter>Source Files\Rendering\DX12</Filter>
    </ClInclude>
    <ClInclude Include="Rendering\DX12\FeatureSupport.h">
      <Filter>Source Files\Rendering\DX12</Filter>
    </ClInclude>
    <ClInclude Include="Rendering\DX12\DX12Renderer.h">
      <Filter>Source Files\Rendering\DX12</Filter>
    </ClInclude>
    <ClInclude Include="Input\Event.h">
      <Filter>Source Files\Input</Filter>
    </ClInclude>
    <ClInclude Include="Rendering\DX12\CommandQueue.h">
      <Filter>Source Files\Rendering\DX12</Filter>
    </ClInclude>
    <ClInclude Include="Utils\Math.h">
      <Filter>Source Files\Utils</Filter>
    </ClInclude>
    <ClInclude Include="Rendering\DX12\RenderObject.h">
      <Filter>Source Files\Rendering\DX12</Filter>
    </ClInclude>
  </ItemGroup>
  <ItemGroup>
    <None Include="..\x64\Debug\Shaders\Diffuse.hlsl">
      <Filter>Shaders</Filter>
    </None>
  </ItemGroup>
</Project>