
Microsoft Visual Studio Solution File, Format Version 12.00
# Visual Studio 14
VisualStudioVersion = 14.0.24606.1
MinimumVisualStudioVersion = 10.0.40219.1
Project("{8BC9CEB8-8B4A-11D0-8D11-00A0C91BC942}") = "Engine", "Engine\Engine.vcxproj", "{C8817AB9-1A59-47B7-9B9A-5D853A31E276}"
EndProject
Global
	GlobalSection(SolutionConfigurationPlatforms) = preSolution
		Debug|x64 = Debug|x64
		Debug|x86 = Debug|x86
		Release|x64 = Release|x64
		Release|x86 = Release|x86
	EndGlobalSection
	GlobalSection(ProjectConfigurationPlatforms) = postSolution
		{C8817AB9-1A59-47B7-9B9A-5D853A31E276}.Debug|x64.ActiveCfg = Debug|x64
		{C8817AB9-1A59-47B7-9B9A-5D853A31E276}.Debug|x64.Build.0 = Debug|x64
		{C8817AB9-1A59-47B7-9B9A-5D853A31E276}.Debug|x86.ActiveCfg = Debug|Win32
		{C8817AB9-1A59-47B7-9B9A-5D853A31E276}.Debug|x86.Build.0 = Debug|Win32
		{C8817AB9-1A59-47B7-9B9A-5D853A31E276}.Release|x64.ActiveCfg = Release|x64
		{C8817AB9-1A59-47B7-9B9A-5D853A31E276}.Release|x64.Build.0 = Release|x64
		{C8817AB9-1A59-47B7-9B9A-5D853A31E276}.Release|x86.ActiveCfg = Release|Win32
		{C8817AB9-1A59-47B7-9B9A-5D853A31E276}.Release|x86.Build.0 = Release|Win32
	EndGlobalSection
	GlobalSection(SolutionProperties) = preSolution
		HideSolutionNode = FALSE
	EndGlobalSection
EndGlobal
