<?xml version="1.0" encoding="utf-8"?>
<Project ToolsVersion="4.0" xmlns="http://schemas.microsoft.com/developer/msbuild/2003">
  <ItemGroup>
    <Filter Include="Source Files">
      <UniqueIdentifier>{4FC737F1-C7A5-4376-A066-2A32D752A2FF}</UniqueIdentifier>
      <Extensions>cpp;c;cc;cxx;def;odl;idl;hpj;bat;asm;asmx</Extensions>
    </Filter>
    <Filter Include="Header Files">
      <UniqueIdentifier>{93995380-89BD-4b04-88EB-625FBE52EBFB}</UniqueIdentifier>
      <Extensions>h;hh;hpp;hxx;hm;inl;inc;xsd</Extensions>
    </Filter>
    <Filter Include="Resource Files">
      <UniqueIdentifier>{67DA6AB6-F800-4c08-8B7A-83BB121AAD01}</UniqueIdentifier>
      <Extensions>rc;ico;cur;bmp;dlg;rc2;rct;bin;rgs;gif;jpg;jpeg;jpe;resx;tiff;tif;png;wav;mfcribbon-ms</Extensions>
    </Filter>
    <Filter Include="Header Files\Data">
      <UniqueIdentifier>{846c3958-ec7d-467d-afb3-b906befa9e4f}</UniqueIdentifier>
    </Filter>
    <Filter Include="Source Files\Data">
      <UniqueIdentifier>{b7638514-c950-423f-9612-4f4e2c6d2586}</UniqueIdentifier>
    </Filter>
    <Filter Include="Header Files\Core">
      <UniqueIdentifier>{c4a3aba6-67d5-435c-9598-620e65ba0fca}</UniqueIdentifier>
    </Filter>
    <Filter Include="Header Files\Rendering">
      <UniqueIdentifier>{ba6588cf-be35-44f7-9c43-d39379204f01}</UniqueIdentifier>
    </Filter>
    <Filter Include="Source Files\Core">
      <UniqueIdentifier>{29a6d6f4-9883-4a41-a51f-51e257ea4668}</UniqueIdentifier>
    </Filter>
    <Filter Include="Source Files\Rendering">
      <UniqueIdentifier>{2a979445-5084-484d-921f-372247a559e9}</UniqueIdentifier>
    </Filter>
    <Filter Include="Header Files\Rendering\DX12">
      <UniqueIdentifier>{db20f5a0-6864-4e52-b52f-3f14eec6b179}</UniqueIdentifier>
    </Filter>
    <Filter Include="Source Files\Rendering\DX12">
      <UniqueIdentifier>{eef8d2de-53ee-4842-a503-7cc31fa0e25d}</UniqueIdentifier>
    </Filter>
    <Filter Include="Header Files\Factory">
      <UniqueIdentifier>{62bb3f10-10ae-4e13-90a3-7e526a12b455}</UniqueIdentifier>
    </Filter>
    <Filter Include="Source Files\Factory">
      <UniqueIdentifier>{8a540cfb-56b0-4b0a-914d-88c42f593242}</UniqueIdentifier>
    </Filter>
    <Filter Include="Header Files\Rendering\DX12\Buffers">
      <UniqueIdentifier>{9ff98230-9f74-4f44-9e4e-60c84fc1b4f2}</UniqueIdentifier>
    </Filter>
    <Filter Include="Source Files\Rendering\DX12\Buffers">
      <UniqueIdentifier>{375263e9-7bc1-4713-a6a4-31f8c676c739}</UniqueIdentifier>
    </Filter>
  </ItemGroup>
  <ItemGroup>
    <ClCompile Include="Data\String.cpp">
      <Filter>Source Files\Data</Filter>
    </ClCompile>
    <ClCompile Include="Data\Colour.cpp">
      <Filter>Source Files\Data</Filter>
    </ClCompile>
    <ClCompile Include="Data\Quaternion.cpp">
      <Filter>Source Files\Data</Filter>
    </ClCompile>
    <ClCompile Include="Data\Vector3.cpp">
      <Filter>Source Files\Data</Filter>
    </ClCompile>
    <ClCompile Include="Data\Vector2.cpp">
      <Filter>Source Files\Data</Filter>
    </ClCompile>
    <ClCompile Include="Data\Transform.cpp">
      <Filter>Source Files\Data</Filter>
    </ClCompile>
    <ClCompile Include="Core\Core.cpp">
      <Filter>Source Files\Core</Filter>
    </ClCompile>
    <ClCompile Include="Rendering\Renderer.cpp">
      <Filter>Source Files\Rendering</Filter>
    </ClCompile>
    <ClCompile Include="Rendering\IRenderer.cpp">
      <Filter>Source Files\Rendering</Filter>
    </ClCompile>
    <ClCompile Include="Rendering\DX12\DX12Renderer.cpp">
      <Filter>Source Files\Rendering\DX12</Filter>
    </ClCompile>
    <ClCompile Include="Factory\ResourceFactory.cpp">
      <Filter>Source Files\Factory</Filter>
    </ClCompile>
    <ClCompile Include="Rendering\DX12\Texture.cpp">
      <Filter>Source Files\Rendering\DX12</Filter>
    </ClCompile>
    <ClCompile Include="Rendering\DX12\Buffers\VertexBuffer.cpp">
      <Filter>Source Files\Rendering\DX12\Buffers</Filter>
    </ClCompile>
    <ClCompile Include="Rendering\DX12\Buffers\IndexBuffer.cpp">
      <Filter>Source Files\Rendering\DX12\Buffers</Filter>
    </ClCompile>
    <ClCompile Include="Rendering\DX12\Text.cpp">
      <Filter>Source Files\Rendering\DX12</Filter>
    </ClCompile>
    <ClCompile Include="Rendering\DX12\Font.cpp">
      <Filter>Source Files\Rendering\DX12</Filter>
    </ClCompile>
    <ClCompile Include="Rendering\DX12\FontManager.cpp">
      <Filter>Source Files\Rendering\DX12</Filter>
    </ClCompile>
    <ClCompile Include="Rendering\DX12\RenderObject.cpp">
      <Filter>Source Files\Rendering\DX12</Filter>
    </ClCompile>
    <ClCompile Include="Rendering\DX12\Material.cpp">
      <Filter>Source Files\Rendering\DX12</Filter>
    </ClCompile>
    <ClCompile Include="Data\Vector4.cpp">
      <Filter>Source Files\Data</Filter>
    </ClCompile>
  </ItemGroup>
  <ItemGroup>
    <ClInclude Include="Data\Colour.h">
      <Filter>Header Files\Data</Filter>
    </ClInclude>
    <ClInclude Include="Data\Quaternion.h">
      <Filter>Header Files\Data</Filter>
    </ClInclude>
    <ClInclude Include="Data\String.h">
      <Filter>Header Files\Data</Filter>
    </ClInclude>
    <ClInclude Include="Data\Vector2.h">
      <Filter>Header Files\Data</Filter>
    </ClInclude>
    <ClInclude Include="Data\Vector3.h">
      <Filter>Header Files\Data</Filter>
    </ClInclude>
    <ClInclude Include="Data\Transform.h">
      <Filter>Header Files\Data</Filter>
    </ClInclude>
    <ClInclude Include="stdafx.h">
      <Filter>Header Files</Filter>
    </ClInclude>
    <ClInclude Include="Core\Core.h">
      <Filter>Header Files\Core</Filter>
    </ClInclude>
    <ClInclude Include="Rendering\Renderer.h">
      <Filter>Header Files\Rendering</Filter>
    </ClInclude>
    <ClInclude Include="Rendering\IRenderer.h">
      <Filter>Header Files\Rendering</Filter>
    </ClInclude>
    <ClInclude Include="Rendering\DX12\DX12Renderer.h">
      <Filter>Header Files\Rendering\DX12</Filter>
    </ClInclude>
    <ClInclude Include="Factory\ResourceFactory.h">
      <Filter>Header Files\Factory</Filter>
    </ClInclude>
    <ClInclude Include="Rendering\DX12\Texture.h">
      <Filter>Header Files\Rendering\DX12</Filter>
    </ClInclude>
    <ClInclude Include="Rendering\DX12\Buffers\IndexBuffer.h">
      <Filter>Header Files\Rendering\DX12\Buffers</Filter>
    </ClInclude>
    <ClInclude Include="Rendering\DX12\Buffers\VertexBuffer.h">
      <Filter>Header Files\Rendering\DX12\Buffers</Filter>
    </ClInclude>
    <ClInclude Include="Rendering\DX12\Material.h">
      <Filter>Header Files\Rendering\DX12</Filter>
    </ClInclude>
    <ClInclude Include="Rendering\DX12\RenderObject.h">
      <Filter>Header Files\Rendering\DX12</Filter>
    </ClInclude>
    <ClInclude Include="Rendering\DX12\Text.h">
      <Filter>Header Files\Rendering\DX12</Filter>
    </ClInclude>
    <ClInclude Include="Rendering\DX12\FontManager.h">
      <Filter>Header Files\Rendering\DX12</Filter>
    </ClInclude>
    <ClInclude Include="Rendering\DX12\Font.h">
      <Filter>Header Files\Rendering\DX12</Filter>
    </ClInclude>
    <ClInclude Include="Data\Vector4.h">
      <Filter>Header Files\Data</Filter>
    </ClInclude>
  </ItemGroup>
  <ItemGroup>
    <None Include="..\engineeditor\program.cs" />
  </ItemGroup>
</Project>